
Microsoft Visual Studio Solution File, Format Version 12.00
# Visual Studio Version 17
VisualStudioVersion = 17.11.35327.3
MinimumVisualStudioVersion = 10.0.40219.1
Project("{FAE04EC0-301F-11D3-BF4B-00C04F79EFBC}") = "FlowerShop", "FlowerShop\FlowerShop.csproj", "{72AF1743-6035-4C29-8FF0-79F8CB40EB21}"
EndProject
Project("{FAE04EC0-301F-11D3-BF4B-00C04F79EFBC}") = "FlowerShop.BLL", "FlowerShop.BLL\FlowerShop.BLL.csproj", "{9A59BADD-E27C-4A3E-82C6-1DDA193B06FC}"
EndProject
Project("{FAE04EC0-301F-11D3-BF4B-00C04F79EFBC}") = "FlowerShop.DAL", "FlowerShop.DAL\FlowerShop.DAL.csproj", "{127B0E09-8351-4BA6-BF0A-85C551AC5565}"
EndProject
Global
	GlobalSection(SolutionConfigurationPlatforms) = preSolution
		Debug|Any CPU = Debug|Any CPU
		Release|Any CPU = Release|Any CPU
	EndGlobalSection
	GlobalSection(ProjectConfigurationPlatforms) = postSolution
		{72AF1743-6035-4C29-8FF0-79F8CB40EB21}.Debug|Any CPU.ActiveCfg = Debug|Any CPU
		{72AF1743-6035-4C29-8FF0-79F8CB40EB21}.Debug|Any CPU.Build.0 = Debug|Any CPU
		{72AF1743-6035-4C29-8FF0-79F8CB40EB21}.Release|Any CPU.ActiveCfg = Release|Any CPU
		{72AF1743-6035-4C29-8FF0-79F8CB40EB21}.Release|Any CPU.Build.0 = Release|Any CPU
		{9A59BADD-E27C-4A3E-82C6-1DDA193B06FC}.Debug|Any CPU.ActiveCfg = Debug|Any CPU
		{9A59BADD-E27C-4A3E-82C6-1DDA193B06FC}.Debug|Any CPU.Build.0 = Debug|Any CPU
		{9A59BADD-E27C-4A3E-82C6-1DDA193B06FC}.Release|Any CPU.ActiveCfg = Release|Any CPU
		{9A59BADD-E27C-4A3E-82C6-1DDA193B06FC}.Release|Any CPU.Build.0 = Release|Any CPU
		{127B0E09-8351-4BA6-BF0A-85C551AC5565}.Debug|Any CPU.ActiveCfg = Debug|Any CPU
		{127B0E09-8351-4BA6-BF0A-85C551AC5565}.Debug|Any CPU.Build.0 = Debug|Any CPU
		{127B0E09-8351-4BA6-BF0A-85C551AC5565}.Release|Any CPU.ActiveCfg = Release|Any CPU
		{127B0E09-8351-4BA6-BF0A-85C551AC5565}.Release|Any CPU.Build.0 = Release|Any CPU
	EndGlobalSection
	GlobalSection(SolutionProperties) = preSolution
		HideSolutionNode = FALSE
	EndGlobalSection
	GlobalSection(ExtensibilityGlobals) = postSolution
		SolutionGuid = {2CB221A8-2969-4575-9B6B-5F5209C7EC60}
	EndGlobalSection
EndGlobal
